
Microsoft Visual Studio Solution File, Format Version 12.00
# Visual Studio Version 16
VisualStudioVersion = 25.0.1706.8
MinimumVisualStudioVersion = 10.0.40219.1
Project("{FAE04EC0-301F-11D3-BF4B-00C04F79EFBC}") = "ClickPremium.Api", "ClickPremium.Api.csproj", "{7DF2563A-DDDB-4F6D-BAA4-F5348B92605B}"
EndProject
Global
	GlobalSection(SolutionConfigurationPlatforms) = preSolution
		Debug|Any CPU = Debug|Any CPU
		Release|Any CPU = Release|Any CPU
	EndGlobalSection
	GlobalSection(ProjectConfigurationPlatforms) = postSolution
		{7DF2563A-DDDB-4F6D-BAA4-F5348B92605B}.Debug|Any CPU.ActiveCfg = Debug|Any CPU
		{7DF2563A-DDDB-4F6D-BAA4-F5348B92605B}.Debug|Any CPU.Build.0 = Debug|Any CPU
		{7DF2563A-DDDB-4F6D-BAA4-F5348B92605B}.Release|Any CPU.ActiveCfg = Release|Any CPU
		{7DF2563A-DDDB-4F6D-BAA4-F5348B92605B}.Release|Any CPU.Build.0 = Release|Any CPU
	EndGlobalSection
	GlobalSection(SolutionProperties) = preSolution
		HideSolutionNode = FALSE
	EndGlobalSection
	GlobalSection(ExtensibilityGlobals) = postSolution
		SolutionGuid = {CFC4D906-69BD-4CAD-ABC2-22547D84F525}
	EndGlobalSection
EndGlobal
